
Microsoft Visual Studio Solution File, Format Version 12.00
# Visual Studio 2013
VisualStudioVersion = 12.0.40629.0
MinimumVisualStudioVersion = 10.0.40219.1
Project("{2150E333-8FDC-42A3-9474-1A3956D46DE8}") = "Solution Items", "Solution Items", "{7FC2ECA9-F480-4082-A5E0-9BA6ED0B1EFB}"
	ProjectSection(SolutionItems) = preProject
		LocalTestRun.testrunconfig = LocalTestRun.testrunconfig
		ParsePersOutput.vsmdi = ParsePersOutput.vsmdi
	EndProjectSection
EndProject
Project("{FAE04EC0-301F-11D3-BF4B-00C04F79EFBC}") = "Publiceringsverktyg", "DiVAImporterGui\Publiceringsverktyg.csproj", "{35FDD4A6-5386-4872-A7CE-1CB55729D3AC}"
EndProject
Project("{FAE04EC0-301F-11D3-BF4B-00C04F79EFBC}") = "DiVAImporterLibrary", "DiVAImporterLibrary\DiVAImporterLibrary.csproj", "{12E78053-086D-4762-9509-36496F8BD489}"
EndProject
Project("{2150E333-8FDC-42A3-9474-1A3956D46DE8}") = ".nuget", ".nuget", "{0FBE0A42-EF24-4C74-896D-0BA534385748}"
	ProjectSection(SolutionItems) = preProject
		.nuget\NuGet.Config = .nuget\NuGet.Config
		.nuget\NuGet.exe = .nuget\NuGet.exe
		.nuget\NuGet.targets = .nuget\NuGet.targets
	EndProjectSection
EndProject
Global
	GlobalSection(SolutionConfigurationPlatforms) = preSolution
		Debug|Any CPU = Debug|Any CPU
		Release|Any CPU = Release|Any CPU
	EndGlobalSection
	GlobalSection(ProjectConfigurationPlatforms) = postSolution
		{35FDD4A6-5386-4872-A7CE-1CB55729D3AC}.Debug|Any CPU.ActiveCfg = Debug|Any CPU
		{35FDD4A6-5386-4872-A7CE-1CB55729D3AC}.Debug|Any CPU.Build.0 = Debug|Any CPU
		{35FDD4A6-5386-4872-A7CE-1CB55729D3AC}.Release|Any CPU.ActiveCfg = Release|Any CPU
		{35FDD4A6-5386-4872-A7CE-1CB55729D3AC}.Release|Any CPU.Build.0 = Release|Any CPU
		{12E78053-086D-4762-9509-36496F8BD489}.Debug|Any CPU.ActiveCfg = Debug|Any CPU
		{12E78053-086D-4762-9509-36496F8BD489}.Debug|Any CPU.Build.0 = Debug|Any CPU
		{12E78053-086D-4762-9509-36496F8BD489}.Release|Any CPU.ActiveCfg = Release|Any CPU
		{12E78053-086D-4762-9509-36496F8BD489}.Release|Any CPU.Build.0 = Release|Any CPU
	EndGlobalSection
	GlobalSection(SolutionProperties) = preSolution
		HideSolutionNode = FALSE
	EndGlobalSection
EndGlobal
